{
  "requires": true,
  "lockfileVersion": 1,
  "dependencies": {
    "@grapecity/gcpdfviewer": {
      "version": "2.1.21",
      "resolved": "https://registry.npmjs.org/@grapecity/gcpdfviewer/-/gcpdfviewer-2.1.21.tgz",
      "integrity": "sha512-es1kUT1YPxFcGXrgipuGiQHiUEGV9WOisTP1V9UNxYRRx6dn4gooKFc34KdxGqIpvCLrufJgFKLSvwC4Q4QEXw=="
    }
  }
}
